
Microsoft Visual Studio Solution File, Format Version 12.00
# Visual Studio 14
VisualStudioVersion = 14.0.25420.1
MinimumVisualStudioVersion = 10.0.40219.1
Project("{FAE04EC0-301F-11D3-BF4B-00C04F79EFBC}") = "OnlineTrainTicketBookingMVC", "OnlineTrainTicketBookingMVC\OnlineTrainTicketBookingMVC.csproj", "{641F023E-5BF5-4F83-862E-A9B69C3FD37A}"
EndProject
Project("{FAE04EC0-301F-11D3-BF4B-00C04F79EFBC}") = "OnlineTrainTicketBookingApp.BL", "OnlineTrainTicketBookingApp.BL\OnlineTrainTicketBookingApp.BL.csproj", "{B0E31B60-60A3-47A8-A383-829FC1A9773E}"
EndProject
Project("{FAE04EC0-301F-11D3-BF4B-00C04F79EFBC}") = "OnlineTrainTicketBookingApp.Common", "OnlineTrainTicketBookingApp.Common\OnlineTrainTicketBookingApp.Common.csproj", "{ABF51A61-EFC4-4328-ACEC-CB2150779F76}"
EndProject
Project("{FAE04EC0-301F-11D3-BF4B-00C04F79EFBC}") = "OnlineTrainTicketBookingApp.DAL", "OnlineTrainTicketBookingApp.DAL\OnlineTrainTicketBookingApp.DAL.csproj", "{C37AAD7E-0BFD-4D3B-8D44-894F2689A681}"
EndProject
Project("{FAE04EC0-301F-11D3-BF4B-00C04F79EFBC}") = "OnlineTrainTicketBookingApp.Entity", "OnlineTrainTicketBookingApp.Entity\OnlineTrainTicketBookingApp.Entity.csproj", "{5D8D92E4-3662-4F01-893F-35CFB949615F}"
EndProject
Global
	GlobalSection(SolutionConfigurationPlatforms) = preSolution
		Debug|Any CPU = Debug|Any CPU
		Release|Any CPU = Release|Any CPU
	EndGlobalSection
	GlobalSection(ProjectConfigurationPlatforms) = postSolution
		{641F023E-5BF5-4F83-862E-A9B69C3FD37A}.Debug|Any CPU.ActiveCfg = Debug|Any CPU
		{641F023E-5BF5-4F83-862E-A9B69C3FD37A}.Debug|Any CPU.Build.0 = Debug|Any CPU
		{641F023E-5BF5-4F83-862E-A9B69C3FD37A}.Release|Any CPU.ActiveCfg = Release|Any CPU
		{641F023E-5BF5-4F83-862E-A9B69C3FD37A}.Release|Any CPU.Build.0 = Release|Any CPU
		{B0E31B60-60A3-47A8-A383-829FC1A9773E}.Debug|Any CPU.ActiveCfg = Debug|Any CPU
		{B0E31B60-60A3-47A8-A383-829FC1A9773E}.Debug|Any CPU.Build.0 = Debug|Any CPU
		{B0E31B60-60A3-47A8-A383-829FC1A9773E}.Release|Any CPU.ActiveCfg = Release|Any CPU
		{B0E31B60-60A3-47A8-A383-829FC1A9773E}.Release|Any CPU.Build.0 = Release|Any CPU
		{ABF51A61-EFC4-4328-ACEC-CB2150779F76}.Debug|Any CPU.ActiveCfg = Debug|Any CPU
		{ABF51A61-EFC4-4328-ACEC-CB2150779F76}.Debug|Any CPU.Build.0 = Debug|Any CPU
		{ABF51A61-EFC4-4328-ACEC-CB2150779F76}.Release|Any CPU.ActiveCfg = Release|Any CPU
		{ABF51A61-EFC4-4328-ACEC-CB2150779F76}.Release|Any CPU.Build.0 = Release|Any CPU
		{C37AAD7E-0BFD-4D3B-8D44-894F2689A681}.Debug|Any CPU.ActiveCfg = Debug|Any CPU
		{C37AAD7E-0BFD-4D3B-8D44-894F2689A681}.Debug|Any CPU.Build.0 = Debug|Any CPU
		{C37AAD7E-0BFD-4D3B-8D44-894F2689A681}.Release|Any CPU.ActiveCfg = Release|Any CPU
		{C37AAD7E-0BFD-4D3B-8D44-894F2689A681}.Release|Any CPU.Build.0 = Release|Any CPU
		{5D8D92E4-3662-4F01-893F-35CFB949615F}.Debug|Any CPU.ActiveCfg = Debug|Any CPU
		{5D8D92E4-3662-4F01-893F-35CFB949615F}.Debug|Any CPU.Build.0 = Debug|Any CPU
		{5D8D92E4-3662-4F01-893F-35CFB949615F}.Release|Any CPU.ActiveCfg = Release|Any CPU
		{5D8D92E4-3662-4F01-893F-35CFB949615F}.Release|Any CPU.Build.0 = Release|Any CPU
	EndGlobalSection
	GlobalSection(SolutionProperties) = preSolution
		HideSolutionNode = FALSE
	EndGlobalSection
EndGlobal
